{
  "object": {
    "pins": [
      {
        "package": "Requestable",
        "repositoryURL": "https://github.com/JasonLighthunter/Requestable.git",
        "state": {
          "branch": null,
          "revision": "27401203c102fb34ab3eb2e997b59c849a563669",
          "version": "1.0.2"
        }
      }
    ]
  },
  "version": 1
}
